
Microsoft Visual Studio Solution File, Format Version 12.00
# Visual Studio Version 16
VisualStudioVersion = 16.0.34902.97
MinimumVisualStudioVersion = 10.0.40219.1
Project("{FAE04EC0-301F-11D3-BF4B-00C04F79EFBC}") = "SIPSample", "SIPSample.csproj", "{0B25F43F-71C7-4A12-93F7-798AB7716637}"
EndProject
Project("{2150E333-8FDC-42A3-9474-1A3956D46DE8}") = "Solution Items", "Solution Items", "{00F4C51E-B87D-4E79-B354-44016CDBF5BC}"
EndProject
Project("{54435603-DBB4-11D2-8724-00A0C9A8B90C}") = "Eratronics Softphone", "..\Eratronics Softphone\Eratronics Softphone.vdproj", "{46E52BE1-089E-42F8-A2E8-706BE991F81F}"
EndProject
Global
	GlobalSection(SolutionConfigurationPlatforms) = preSolution
		Debug|x64 = Debug|x64
		Debug|x86 = Debug|x86
		Release|x64 = Release|x64
		Release|x86 = Release|x86
	EndGlobalSection
	GlobalSection(ProjectConfigurationPlatforms) = postSolution
		{0B25F43F-71C7-4A12-93F7-798AB7716637}.Debug|x64.ActiveCfg = Debug|x64
		{0B25F43F-71C7-4A12-93F7-798AB7716637}.Debug|x64.Build.0 = Debug|x64
		{0B25F43F-71C7-4A12-93F7-798AB7716637}.Debug|x86.ActiveCfg = Debug|x86
		{0B25F43F-71C7-4A12-93F7-798AB7716637}.Debug|x86.Build.0 = Debug|x86
		{0B25F43F-71C7-4A12-93F7-798AB7716637}.Release|x64.ActiveCfg = Release|x64
		{0B25F43F-71C7-4A12-93F7-798AB7716637}.Release|x64.Build.0 = Release|x64
		{0B25F43F-71C7-4A12-93F7-798AB7716637}.Release|x86.ActiveCfg = Release|x86
		{0B25F43F-71C7-4A12-93F7-798AB7716637}.Release|x86.Build.0 = Release|x86
		{46E52BE1-089E-42F8-A2E8-706BE991F81F}.Debug|x64.ActiveCfg = Debug
		{46E52BE1-089E-42F8-A2E8-706BE991F81F}.Debug|x86.ActiveCfg = Debug
		{46E52BE1-089E-42F8-A2E8-706BE991F81F}.Release|x64.ActiveCfg = Release
		{46E52BE1-089E-42F8-A2E8-706BE991F81F}.Release|x86.ActiveCfg = Release
	EndGlobalSection
	GlobalSection(SolutionProperties) = preSolution
		HideSolutionNode = FALSE
	EndGlobalSection
	GlobalSection(ExtensibilityGlobals) = postSolution
		SolutionGuid = {E1561E4E-611E-4254-8AB9-A3FE7B719CC1}
	EndGlobalSection
EndGlobal
